
Microsoft Visual Studio Solution File, Format Version 12.00
# Visual Studio Version 17
VisualStudioVersion = 17.3.32929.385
MinimumVisualStudioVersion = 10.0.40219.1
Project("{FAE04EC0-301F-11D3-BF4B-00C04F79EFBC}") = "WinFormsApp1", "WinFormsApp1\WinFormsApp1.csproj", "{98B080AE-F8FD-42A8-82B2-68F60B04D8A1}"
EndProject
Global
	GlobalSection(SolutionConfigurationPlatforms) = preSolution
		Debug|Any CPU = Debug|Any CPU
		Release|Any CPU = Release|Any CPU
	EndGlobalSection
	GlobalSection(ProjectConfigurationPlatforms) = postSolution
		{98B080AE-F8FD-42A8-82B2-68F60B04D8A1}.Debug|Any CPU.ActiveCfg = Debug|Any CPU
		{98B080AE-F8FD-42A8-82B2-68F60B04D8A1}.Debug|Any CPU.Build.0 = Debug|Any CPU
		{98B080AE-F8FD-42A8-82B2-68F60B04D8A1}.Release|Any CPU.ActiveCfg = Release|Any CPU
		{98B080AE-F8FD-42A8-82B2-68F60B04D8A1}.Release|Any CPU.Build.0 = Release|Any CPU
	EndGlobalSection
	GlobalSection(SolutionProperties) = preSolution
		HideSolutionNode = FALSE
	EndGlobalSection
	GlobalSection(ExtensibilityGlobals) = postSolution
		SolutionGuid = {7E3B98C4-ECD8-4482-ADEC-8F2B18710AD5}
	EndGlobalSection
EndGlobal
